<?xml version="1.0" encoding="utf-8"?>
<Project ToolsVersion="4.0" xmlns="http://schemas.microsoft.com/developer/msbuild/2003">
  <ItemGroup>
    <ClCompile Include="src\ofApp.cpp">
      <Filter>src</Filter>
    </ClCompile>
    <ClCompile Include="src\main.cpp">
      <Filter>src</Filter>
    </ClCompile>
    <ClCompile Include="src\main.cpp">
      <Filter>src</Filter>
    </ClCompile>
    <ClCompile Include="src\ofApp.cpp">
      <Filter>src</Filter>
    </ClCompile>
    <ClCompile Include="..\..\..\addons\ofxFontStash2\src\ofxFontStash2.cpp">
      <Filter>addons\ofxFontStash2\src</Filter>
    </ClCompile>
    <ClCompile Include="..\..\..\addons\ofxFontStash2\src\ofxFontStashParser.cpp">
      <Filter>addons\ofxFontStash2\src</Filter>
    </ClCompile>
    <ClCompile Include="..\..\..\addons\ofxFontStash2\libs\nanoVG\src\ofxfs2_nanovg.c">
      <Filter>addons\ofxFontStash2\libs\nanoVG\src</Filter>
    </ClCompile>
    <ClCompile Include="..\..\..\addons\ofxFontStash2\libs\pugixml\src\pugixml.cpp">
      <Filter>addons\ofxFontStash2\libs\pugixml\src</Filter>
    </ClCompile>
  </ItemGroup>
  <ItemGroup>
    <Filter Include="src">
      <UniqueIdentifier>{d8376475-7454-4a24-b08a-aac121d3ad6f}</UniqueIdentifier>
    </Filter>
    <Filter Include="addons">
      <UniqueIdentifier>{71834F65-F3A9-211E-73B8-DC85}</UniqueIdentifier>
    </Filter>
    <Filter Include="addons\ofxFontStash2">
      <UniqueIdentifier>{04916304-d629-4c82-83cb-d33ed5846028}</UniqueIdentifier>
    </Filter>
    <Filter Include="addons\ofxFontStash2\src">
      <UniqueIdentifier>{2d07247a-83b2-404a-8964-31c716b3d754}</UniqueIdentifier>
    </Filter>
    <Filter Include="addons\ofxFontStash2\libs">
      <UniqueIdentifier>{18a6f74c-66b8-4323-ab83-c67299d76fc5}</UniqueIdentifier>
    </Filter>
    <Filter Include="addons\ofxFontStash2\libs\nanoVG">
      <UniqueIdentifier>{bbc8b456-847a-41e1-af4c-a909a94627d8}</UniqueIdentifier>
    </Filter>
    <Filter Include="addons\ofxFontStash2\libs\nanoVG\obsolete">
      <UniqueIdentifier>{898461d1-b07d-42bf-a5c2-b547ea27f6b8}</UniqueIdentifier>
    </Filter>
    <Filter Include="addons\ofxFontStash2\libs\nanoVG\src">
      <UniqueIdentifier>{5eff2757-367f-40ef-88d4-1551372c31a2}</UniqueIdentifier>
    </Filter>
    <Filter Include="addons\ofxFontStash2\libs\pugixml">
      <UniqueIdentifier>{c9418798-504d-48c6-8e94-bbab99018839}</UniqueIdentifier>
    </Filter>
    <Filter Include="addons\ofxFontStash2\libs\pugixml\src">
      <UniqueIdentifier>{e469e53a-7a04-48de-942c-0f947a850b86}</UniqueIdentifier>
    </Filter>
  </ItemGroup>
  <ItemGroup>
    <ClInclude Include="src\ofApp.h">
      <Filter>src</Filter>
    </ClInclude>
    <ClInclude Include="src\ofApp.h">
      <Filter>src</Filter>
    </ClInclude>
    <ClInclude Include="..\..\..\addons\ofxFontStash2\src\ofxFontStash2.h">
      <Filter>addons\ofxFontStash2\src</Filter>
    </ClInclude>
    <ClInclude Include="..\..\..\addons\ofxFontStash2\src\ofxFontStashParser.h">
      <Filter>addons\ofxFontStash2\src</Filter>
    </ClInclude>
    <ClInclude Include="..\..\..\addons\ofxFontStash2\src\ofxFontStashStyle.h">
      <Filter>addons\ofxFontStash2\src</Filter>
    </ClInclude>
    <ClInclude Include="..\..\..\addons\ofxFontStash2\libs\nanoVG\obsolete\nanovg_gl2.h">
      <Filter>addons\ofxFontStash2\libs\nanoVG\obsolete</Filter>
    </ClInclude>
    <ClInclude Include="..\..\..\addons\ofxFontStash2\libs\nanoVG\obsolete\nanovg_gl3.h">
      <Filter>addons\ofxFontStash2\libs\nanoVG\obsolete</Filter>
    </ClInclude>
    <ClInclude Include="..\..\..\addons\ofxFontStash2\libs\nanoVG\src\ofxfs2_fontstash.h">
      <Filter>addons\ofxFontStash2\libs\nanoVG\src</Filter>
    </ClInclude>
    <ClInclude Include="..\..\..\addons\ofxFontStash2\libs\nanoVG\src\ofxfs2_nanovg.h">
      <Filter>addons\ofxFontStash2\libs\nanoVG\src</Filter>
    </ClInclude>
    <ClInclude Include="..\..\..\addons\ofxFontStash2\libs\nanoVG\src\ofxfs2_nanovg_gl.h">
      <Filter>addons\ofxFontStash2\libs\nanoVG\src</Filter>
    </ClInclude>
    <ClInclude Include="..\..\..\addons\ofxFontStash2\libs\nanoVG\src\ofxfs2_nanovg_gl_utils.h">
      <Filter>addons\ofxFontStash2\libs\nanoVG\src</Filter>
    </ClInclude>
    <ClInclude Include="..\..\..\addons\ofxFontStash2\libs\nanoVG\src\ofxfs2_stb_image.h">
      <Filter>addons\ofxFontStash2\libs\nanoVG\src</Filter>
    </ClInclude>
    <ClInclude Include="..\..\..\addons\ofxFontStash2\libs\nanoVG\src\ofxfs2_stb_truetype.h">
      <Filter>addons\ofxFontStash2\libs\nanoVG\src</Filter>
    </ClInclude>
    <ClInclude Include="..\..\..\addons\ofxFontStash2\libs\pugixml\src\pugiconfig.hpp">
      <Filter>addons\ofxFontStash2\libs\pugixml\src</Filter>
    </ClInclude>
    <ClInclude Include="..\..\..\addons\ofxFontStash2\libs\pugixml\src\pugixml.hpp">
      <Filter>addons\ofxFontStash2\libs\pugixml\src</Filter>
    </ClInclude>
  </ItemGroup>
  <ItemGroup>
    <ResourceCompile Include="icon.rc" />
  </ItemGroup>
</Project>